
Microsoft Visual Studio Solution File, Format Version 12.00
# Visual Studio 15
VisualStudioVersion = 15.0.28307.572
MinimumVisualStudioVersion = 10.0.40219.1
Project("{2150E333-8FDC-42A3-9474-1A3956D46DE8}") = "Crawler", "Crawler", "{9F3961B3-B3E3-4FE6-A031-DA4B2BAC6539}"
EndProject
Project("{2150E333-8FDC-42A3-9474-1A3956D46DE8}") = "Common", "Common", "{FC98083B-09A2-46D0-AE12-52132C414388}"
EndProject
Project("{2150E333-8FDC-42A3-9474-1A3956D46DE8}") = "test", "test", "{DEB17596-85A2-4A54-B9B7-176B3AC8A242}"
EndProject
Project("{2150E333-8FDC-42A3-9474-1A3956D46DE8}") = "src", "src", "{53195062-56D2-4DA8-A3E1-5D21912DCF00}"
EndProject
Project("{2150E333-8FDC-42A3-9474-1A3956D46DE8}") = "Game", "Game", "{5B7CBC99-9F3F-4B9F-9649-6DEA6705316A}"
EndProject
Project("{2150E333-8FDC-42A3-9474-1A3956D46DE8}") = "src", "src", "{AA2CDF06-7C5F-478A-92EF-D3312E4E48C3}"
EndProject
Project("{2150E333-8FDC-42A3-9474-1A3956D46DE8}") = "src", "src", "{7C160108-B823-462D-BDAB-1FFB9799D800}"
EndProject
Project("{9A19103F-16F7-4668-BE54-9A1E7A4F7556}") = "StarWarsDestiny.Model", "Game\src\StarWarsDestiny.Model\StarWarsDestiny.Model.csproj", "{DA10FC50-0F35-430E-8C60-C6F098D17B8F}"
EndProject
Project("{9A19103F-16F7-4668-BE54-9A1E7A4F7556}") = "StarWarsDestiny.Repository", "Game\src\StarWarsDestiny.Repository\StarWarsDestiny.Repository.csproj", "{525D44D4-7B04-4965-A73D-44EFB3F47389}"
EndProject
Project("{9A19103F-16F7-4668-BE54-9A1E7A4F7556}") = "StarWarsDestiny.Service", "Game\src\StarWarsDestiny.Service\StarWarsDestiny.Service.csproj", "{3EB87EB3-A5F5-4461-9EDF-870448BCCBB3}"
EndProject
Project("{9A19103F-16F7-4668-BE54-9A1E7A4F7556}") = "StarWarsDestiny.Crawler.Card.Test", "Crawler\test\StarWarsDestiny.Crawler.Card.Test\StarWarsDestiny.Crawler.Card.Test.csproj", "{5275E41A-2FD2-415D-9314-99001E4E3DC7}"
EndProject
Project("{9A19103F-16F7-4668-BE54-9A1E7A4F7556}") = "StarWarsDestiny.Crawler.Base", "Crawler\src\StarWarsDestiny.Crawler.Base\StarWarsDestiny.Crawler.Base.csproj", "{A05BEE8C-D64F-4DF4-ADF7-870C4E1F5E01}"
EndProject
Project("{9A19103F-16F7-4668-BE54-9A1E7A4F7556}") = "StarWarsDestiny.Crawler.Card", "Crawler\src\StarWarsDestiny.Crawler.Card\StarWarsDestiny.Crawler.Card.csproj", "{B0302ADA-2643-4E80-AD01-45FA678B7DF2}"
EndProject
Project("{9A19103F-16F7-4668-BE54-9A1E7A4F7556}") = "StarWarsDestiny.Crawler.Model", "Crawler\src\StarWarsDestiny.Crawler.Model\StarWarsDestiny.Crawler.Model.csproj", "{AE5B9E30-E7D8-4B15-B49C-B9851AB04524}"
EndProject
Project("{9A19103F-16F7-4668-BE54-9A1E7A4F7556}") = "StarWarsDestiny.Crawler.Repository", "Crawler\src\StarWarsDestiny.Crawler.Repository\StarWarsDestiny.Crawler.Repository.csproj", "{E7ED6746-C84E-4D58-94AD-A38E07EA2095}"
EndProject
Project("{9A19103F-16F7-4668-BE54-9A1E7A4F7556}") = "StarWarsDestiny.Crawler.Service", "Crawler\src\StarWarsDestiny.Crawler.Service\StarWarsDestiny.Crawler.Service.csproj", "{5640E215-6743-492B-A60D-2FEAA8CEA34A}"
EndProject
Project("{9A19103F-16F7-4668-BE54-9A1E7A4F7556}") = "StarWarsDestiny.Common.Model", "Common\src\StarWarsDestiny.Common.Model\StarWarsDestiny.Common.Model.csproj", "{4636EAF8-8C7E-419C-975A-989FFEB7233D}"
EndProject
Project("{9A19103F-16F7-4668-BE54-9A1E7A4F7556}") = "StarWarsDestiny.Common.Repository", "Common\src\StarWarsDestiny.Common.Repository\StarWarsDestiny.Common.Repository.csproj", "{8B837EE8-F731-4D02-89A2-427E05C08660}"
EndProject
Project("{9A19103F-16F7-4668-BE54-9A1E7A4F7556}") = "StarWarsDestiny.Common.Service", "Common\src\StarWarsDestiny.Common.Service\StarWarsDestiny.Common.Service.csproj", "{4E807267-4641-4616-B3EC-B9690B5C85EE}"
EndProject
Project("{9A19103F-16F7-4668-BE54-9A1E7A4F7556}") = "StarWarsDestiny.Common.Util", "Common\src\StarWarsDestiny.Common.Util\StarWarsDestiny.Common.Util.csproj", "{63DE2E3A-F892-4B3A-AA9B-A43285C1D0A1}"
EndProject
Project("{9A19103F-16F7-4668-BE54-9A1E7A4F7556}") = "StarWarsDestiny.Game", "Game\src\StarWarsDestiny.Game\StarWarsDestiny.Game.csproj", "{83D8DFBE-02C9-4EDC-AB63-CC6F73971CD4}"
EndProject
Project("{FAE04EC0-301F-11D3-BF4B-00C04F79EFBC}") = "StarWarsDestiny.Crawler.Deck", "StarWarsDestiny.Crawler.Deck\StarWarsDestiny.Crawler.Deck.csproj", "{BF6F63DE-D8E1-4C7D-8871-BA8270D3186A}"
EndProject
Global
	GlobalSection(SolutionConfigurationPlatforms) = preSolution
		Debug|Any CPU = Debug|Any CPU
		Release|Any CPU = Release|Any CPU
	EndGlobalSection
	GlobalSection(ProjectConfigurationPlatforms) = postSolution
		{DA10FC50-0F35-430E-8C60-C6F098D17B8F}.Debug|Any CPU.ActiveCfg = Debug|Any CPU
		{DA10FC50-0F35-430E-8C60-C6F098D17B8F}.Debug|Any CPU.Build.0 = Debug|Any CPU
		{DA10FC50-0F35-430E-8C60-C6F098D17B8F}.Release|Any CPU.ActiveCfg = Release|Any CPU
		{DA10FC50-0F35-430E-8C60-C6F098D17B8F}.Release|Any CPU.Build.0 = Release|Any CPU
		{525D44D4-7B04-4965-A73D-44EFB3F47389}.Debug|Any CPU.ActiveCfg = Debug|Any CPU
		{525D44D4-7B04-4965-A73D-44EFB3F47389}.Debug|Any CPU.Build.0 = Debug|Any CPU
		{525D44D4-7B04-4965-A73D-44EFB3F47389}.Release|Any CPU.ActiveCfg = Release|Any CPU
		{525D44D4-7B04-4965-A73D-44EFB3F47389}.Release|Any CPU.Build.0 = Release|Any CPU
		{3EB87EB3-A5F5-4461-9EDF-870448BCCBB3}.Debug|Any CPU.ActiveCfg = Debug|Any CPU
		{3EB87EB3-A5F5-4461-9EDF-870448BCCBB3}.Debug|Any CPU.Build.0 = Debug|Any CPU
		{3EB87EB3-A5F5-4461-9EDF-870448BCCBB3}.Release|Any CPU.ActiveCfg = Release|Any CPU
		{3EB87EB3-A5F5-4461-9EDF-870448BCCBB3}.Release|Any CPU.Build.0 = Release|Any CPU
		{5275E41A-2FD2-415D-9314-99001E4E3DC7}.Debug|Any CPU.ActiveCfg = Debug|Any CPU
		{5275E41A-2FD2-415D-9314-99001E4E3DC7}.Debug|Any CPU.Build.0 = Debug|Any CPU
		{5275E41A-2FD2-415D-9314-99001E4E3DC7}.Release|Any CPU.ActiveCfg = Release|Any CPU
		{5275E41A-2FD2-415D-9314-99001E4E3DC7}.Release|Any CPU.Build.0 = Release|Any CPU
		{A05BEE8C-D64F-4DF4-ADF7-870C4E1F5E01}.Debug|Any CPU.ActiveCfg = Debug|Any CPU
		{A05BEE8C-D64F-4DF4-ADF7-870C4E1F5E01}.Debug|Any CPU.Build.0 = Debug|Any CPU
		{A05BEE8C-D64F-4DF4-ADF7-870C4E1F5E01}.Release|Any CPU.ActiveCfg = Release|Any CPU
		{A05BEE8C-D64F-4DF4-ADF7-870C4E1F5E01}.Release|Any CPU.Build.0 = Release|Any CPU
		{B0302ADA-2643-4E80-AD01-45FA678B7DF2}.Debug|Any CPU.ActiveCfg = Debug|Any CPU
		{B0302ADA-2643-4E80-AD01-45FA678B7DF2}.Debug|Any CPU.Build.0 = Debug|Any CPU
		{B0302ADA-2643-4E80-AD01-45FA678B7DF2}.Release|Any CPU.ActiveCfg = Release|Any CPU
		{B0302ADA-2643-4E80-AD01-45FA678B7DF2}.Release|Any CPU.Build.0 = Release|Any CPU
		{AE5B9E30-E7D8-4B15-B49C-B9851AB04524}.Debug|Any CPU.ActiveCfg = Debug|Any CPU
		{AE5B9E30-E7D8-4B15-B49C-B9851AB04524}.Debug|Any CPU.Build.0 = Debug|Any CPU
		{AE5B9E30-E7D8-4B15-B49C-B9851AB04524}.Release|Any CPU.ActiveCfg = Release|Any CPU
		{AE5B9E30-E7D8-4B15-B49C-B9851AB04524}.Release|Any CPU.Build.0 = Release|Any CPU
		{E7ED6746-C84E-4D58-94AD-A38E07EA2095}.Debug|Any CPU.ActiveCfg = Debug|Any CPU
		{E7ED6746-C84E-4D58-94AD-A38E07EA2095}.Debug|Any CPU.Build.0 = Debug|Any CPU
		{E7ED6746-C84E-4D58-94AD-A38E07EA2095}.Release|Any CPU.ActiveCfg = Release|Any CPU
		{E7ED6746-C84E-4D58-94AD-A38E07EA2095}.Release|Any CPU.Build.0 = Release|Any CPU
		{5640E215-6743-492B-A60D-2FEAA8CEA34A}.Debug|Any CPU.ActiveCfg = Debug|Any CPU
		{5640E215-6743-492B-A60D-2FEAA8CEA34A}.Debug|Any CPU.Build.0 = Debug|Any CPU
		{5640E215-6743-492B-A60D-2FEAA8CEA34A}.Release|Any CPU.ActiveCfg = Release|Any CPU
		{5640E215-6743-492B-A60D-2FEAA8CEA34A}.Release|Any CPU.Build.0 = Release|Any CPU
		{4636EAF8-8C7E-419C-975A-989FFEB7233D}.Debug|Any CPU.ActiveCfg = Debug|Any CPU
		{4636EAF8-8C7E-419C-975A-989FFEB7233D}.Debug|Any CPU.Build.0 = Debug|Any CPU
		{4636EAF8-8C7E-419C-975A-989FFEB7233D}.Release|Any CPU.ActiveCfg = Release|Any CPU
		{4636EAF8-8C7E-419C-975A-989FFEB7233D}.Release|Any CPU.Build.0 = Release|Any CPU
		{8B837EE8-F731-4D02-89A2-427E05C08660}.Debug|Any CPU.ActiveCfg = Debug|Any CPU
		{8B837EE8-F731-4D02-89A2-427E05C08660}.Debug|Any CPU.Build.0 = Debug|Any CPU
		{8B837EE8-F731-4D02-89A2-427E05C08660}.Release|Any CPU.ActiveCfg = Release|Any CPU
		{8B837EE8-F731-4D02-89A2-427E05C08660}.Release|Any CPU.Build.0 = Release|Any CPU
		{4E807267-4641-4616-B3EC-B9690B5C85EE}.Debug|Any CPU.ActiveCfg = Debug|Any CPU
		{4E807267-4641-4616-B3EC-B9690B5C85EE}.Debug|Any CPU.Build.0 = Debug|Any CPU
		{4E807267-4641-4616-B3EC-B9690B5C85EE}.Release|Any CPU.ActiveCfg = Release|Any CPU
		{4E807267-4641-4616-B3EC-B9690B5C85EE}.Release|Any CPU.Build.0 = Release|Any CPU
		{63DE2E3A-F892-4B3A-AA9B-A43285C1D0A1}.Debug|Any CPU.ActiveCfg = Debug|Any CPU
		{63DE2E3A-F892-4B3A-AA9B-A43285C1D0A1}.Debug|Any CPU.Build.0 = Debug|Any CPU
		{63DE2E3A-F892-4B3A-AA9B-A43285C1D0A1}.Release|Any CPU.ActiveCfg = Release|Any CPU
		{63DE2E3A-F892-4B3A-AA9B-A43285C1D0A1}.Release|Any CPU.Build.0 = Release|Any CPU
		{83D8DFBE-02C9-4EDC-AB63-CC6F73971CD4}.Debug|Any CPU.ActiveCfg = Debug|Any CPU
		{83D8DFBE-02C9-4EDC-AB63-CC6F73971CD4}.Debug|Any CPU.Build.0 = Debug|Any CPU
		{83D8DFBE-02C9-4EDC-AB63-CC6F73971CD4}.Release|Any CPU.ActiveCfg = Release|Any CPU
		{83D8DFBE-02C9-4EDC-AB63-CC6F73971CD4}.Release|Any CPU.Build.0 = Release|Any CPU
		{BF6F63DE-D8E1-4C7D-8871-BA8270D3186A}.Debug|Any CPU.ActiveCfg = Debug|Any CPU
		{BF6F63DE-D8E1-4C7D-8871-BA8270D3186A}.Debug|Any CPU.Build.0 = Debug|Any CPU
		{BF6F63DE-D8E1-4C7D-8871-BA8270D3186A}.Release|Any CPU.ActiveCfg = Release|Any CPU
		{BF6F63DE-D8E1-4C7D-8871-BA8270D3186A}.Release|Any CPU.Build.0 = Release|Any CPU
	EndGlobalSection
	GlobalSection(SolutionProperties) = preSolution
		HideSolutionNode = FALSE
	EndGlobalSection
	GlobalSection(NestedProjects) = preSolution
		{DEB17596-85A2-4A54-B9B7-176B3AC8A242} = {9F3961B3-B3E3-4FE6-A031-DA4B2BAC6539}
		{53195062-56D2-4DA8-A3E1-5D21912DCF00} = {9F3961B3-B3E3-4FE6-A031-DA4B2BAC6539}
		{AA2CDF06-7C5F-478A-92EF-D3312E4E48C3} = {5B7CBC99-9F3F-4B9F-9649-6DEA6705316A}
		{7C160108-B823-462D-BDAB-1FFB9799D800} = {FC98083B-09A2-46D0-AE12-52132C414388}
		{DA10FC50-0F35-430E-8C60-C6F098D17B8F} = {AA2CDF06-7C5F-478A-92EF-D3312E4E48C3}
		{525D44D4-7B04-4965-A73D-44EFB3F47389} = {AA2CDF06-7C5F-478A-92EF-D3312E4E48C3}
		{3EB87EB3-A5F5-4461-9EDF-870448BCCBB3} = {AA2CDF06-7C5F-478A-92EF-D3312E4E48C3}
		{5275E41A-2FD2-415D-9314-99001E4E3DC7} = {DEB17596-85A2-4A54-B9B7-176B3AC8A242}
		{A05BEE8C-D64F-4DF4-ADF7-870C4E1F5E01} = {53195062-56D2-4DA8-A3E1-5D21912DCF00}
		{B0302ADA-2643-4E80-AD01-45FA678B7DF2} = {53195062-56D2-4DA8-A3E1-5D21912DCF00}
		{AE5B9E30-E7D8-4B15-B49C-B9851AB04524} = {53195062-56D2-4DA8-A3E1-5D21912DCF00}
		{E7ED6746-C84E-4D58-94AD-A38E07EA2095} = {53195062-56D2-4DA8-A3E1-5D21912DCF00}
		{5640E215-6743-492B-A60D-2FEAA8CEA34A} = {53195062-56D2-4DA8-A3E1-5D21912DCF00}
		{4636EAF8-8C7E-419C-975A-989FFEB7233D} = {7C160108-B823-462D-BDAB-1FFB9799D800}
		{8B837EE8-F731-4D02-89A2-427E05C08660} = {7C160108-B823-462D-BDAB-1FFB9799D800}
		{4E807267-4641-4616-B3EC-B9690B5C85EE} = {7C160108-B823-462D-BDAB-1FFB9799D800}
		{63DE2E3A-F892-4B3A-AA9B-A43285C1D0A1} = {7C160108-B823-462D-BDAB-1FFB9799D800}
		{83D8DFBE-02C9-4EDC-AB63-CC6F73971CD4} = {AA2CDF06-7C5F-478A-92EF-D3312E4E48C3}
		{BF6F63DE-D8E1-4C7D-8871-BA8270D3186A} = {53195062-56D2-4DA8-A3E1-5D21912DCF00}
	EndGlobalSection
	GlobalSection(ExtensibilityGlobals) = postSolution
		SolutionGuid = {07A7EF35-3E46-46A8-9650-C9F774A95647}
	EndGlobalSection
EndGlobal
